// !$*UTF8*$!
{
	archiveVersion = 1;
	classes = {
	};
	objectVersion = 77;
	objects = {

/* Begin PBXContainerItemProxy section */
		1374EF0C2F5F1277000E6420 /* PBXContainerItemProxy */ = {
			isa = PBXContainerItemProxy;
			containerPortal = 1374EEED2F5F1275000E6420 /* Project object */;
			proxyType = 1;
			remoteGlobalIDString = 1374EEF42F5F1275000E6420;
			remoteInfo = UiKitTuto;
		};
		1374EF162F5F1277000E6420 /* PBXContainerItemProxy */ = {
			isa = PBXContainerItemProxy;
			containerPortal = 1374EEED2F5F1275000E6420 /* Project object */;
			proxyType = 1;
			remoteGlobalIDString = 1374EEF42F5F1275000E6420;
			remoteInfo = UiKitTuto;
		};
/* End PBXContainerItemProxy section */

/* Begin PBXFileReference section */
		1374EEF52F5F1275000E6420 /* UiKitTuto.app */ = {isa = PBXFileReference; explicitFileType = wrapper.application; includeInIndex = 0; path = UiKitTuto.app; sourceTree = BUILT_PRODUCTS_DIR; };
		1374EF0B2F5F1277000E6420 /* UiKitTutoTests.xctest */ = {isa = PBXFileReference; explicitFileType = wrapper.cfbundle; includeInIndex = 0; path = UiKitTutoTests.xctest; sourceTree = BUILT_PRODUCTS_DIR; };
		1374EF152F5F1277000E6420 /* UiKitTutoUITests.xctest */ = {isa = PBXFileReference; explicitFileType = wrapper.cfbundle; includeInIndex = 0; path = UiKitTutoUITests.xctest; sourceTree = BUILT_PRODUCTS_DIR; };
/* End PBXFileReference section */

/* Begin PBXFileSystemSynchronizedBuildFileExceptionSet section */
		1374EF1D2F5F1277000E6420 /* Exceptions for "UiKitTuto" folder in "UiKitTuto" target */ = {
			isa = PBXFileSystemSynchronizedBuildFileExceptionSet;
			membershipExceptions = (
				Resources/Info.plist,
			);
			target = 1374EEF42F5F1275000E6420 /* UiKitTuto */;
		};
/* End PBXFileSystemSynchronizedBuildFileExceptionSet section */

/* Begin PBXFileSystemSynchronizedRootGroup section */
		1374EEF72F5F1275000E6420 /* UiKitTuto */ = {
			isa = PBXFileSystemSynchronizedRootGroup;
			exceptions = (
				1374EF1D2F5F1277000E6420 /* Exceptions for "UiKitTuto" folder in "UiKitTuto" target */,
			);
			path = UiKitTuto;
			sourceTree = "<group>";
		};
		1374EF0E2F5F1277000E6420 /* UiKitTutoTests */ = {
			isa = PBXFileSystemSynchronizedRootGroup;
			path = UiKitTutoTests;
			sourceTree = "<group>";
		};
		1374EF182F5F1277000E6420 /* UiKitTutoUITests */ = {
			isa = PBXFileSystemSynchronizedRootGroup;
			path = UiKitTutoUITests;
			sourceTree = "<group>";
		};
/* End PBXFileSystemSynchronizedRootGroup section */

/* Begin PBXFrameworksBuildPhase section */
		1374EEF22F5F1275000E6420 /* Frameworks */ = {
			isa = PBXFrameworksBuildPhase;
			buildActionMask = 2147483647;
			files = (
			);
			runOnlyForDeploymentPostprocessing = 0;
		};
		1374EF082F5F1277000E6420 /* Frameworks */ = {
			isa = PBXFrameworksBuildPhase;
			buildActionMask = 2147483647;
			files = (
			);
			runOnlyForDeploymentPostprocessing = 0;
		};
		1374EF122F5F1277000E6420 /* Frameworks */ = {
			isa = PBXFrameworksBuildPhase;
			buildActionMask = 2147483647;
			files = (
			);
			runOnlyForDeploymentPostprocessing = 0;
		};
/* End PBXFrameworksBuildPhase section */

/* Begin PBXGroup section */
		1374EEEC2F5F1275000E6420 = {
			isa = PBXGroup;
			children = (
				1374EEF72F5F1275000E6420 /* UiKitTuto */,
				1374EF0E2F5F1277000E6420 /* UiKitTutoTests */,
				1374EF182F5F1277000E6420 /* UiKitTutoUITests */,
				1374EEF62F5F1275000E6420 /* Products */,
			);
			sourceTree = "<group>";
		};
		1374EEF62F5F1275000E6420 /* Products */ = {
			isa = PBXGroup;
			children = (
				1374EEF52F5F1275000E6420 /* UiKitTuto.app */,
				1374EF0B2F5F1277000E6420 /* UiKitTutoTests.xctest */,
				1374EF152F5F1277000E6420 /* UiKitTutoUITests.xctest */,
			);
			name = Products;
			sourceTree = "<group>";
		};
/* End PBXGroup section */

/* Begin PBXNativeTarget section */
		1374EEF42F5F1275000E6420 /* UiKitTuto */ = {
			isa = PBXNativeTarget;
			buildConfigurationList = 1374EF1E2F5F1277000E6420 /* Build configuration list for PBXNativeTarget "UiKitTuto" */;
			buildPhases = (
				1374EEF12F5F1275000E6420 /* Sources */,
				1374EEF22F5F1275000E6420 /* Frameworks */,
				1374EEF32F5F1275000E6420 /* Resources */,
			);
			buildRules = (
			);
			dependencies = (
			);
			fileSystemSynchronizedGroups = (
				1374EEF72F5F1275000E6420 /* UiKitTuto */,
			);
			name = UiKitTuto;
			packageProductDependencies = (
			);
			productName = UiKitTuto;
			productReference = 1374EEF52F5F1275000E6420 /* UiKitTuto.app */;
			productType = "com.apple.product-type.application";
		};
		1374EF0A2F5F1277000E6420 /* UiKitTutoTests */ = {
			isa = PBXNativeTarget;
			buildConfigurationList = 1374EF232F5F1277000E6420 /* Build configuration list for PBXNativeTarget "UiKitTutoTests" */;
			buildPhases = (
				1374EF072F5F1277000E6420 /* Sources */,
				1374EF082F5F1277000E6420 /* Frameworks */,
				1374EF092F5F1277000E6420 /* Resources */,
			);
			buildRules = (
			);
			dependencies = (
				1374EF0D2F5F1277000E6420 /* PBXTargetDependency */,
			);
			fileSystemSynchronizedGroups = (
				1374EF0E2F5F1277000E6420 /* UiKitTutoTests */,
			);
			name = UiKitTutoTests;
			packageProductDependencies = (
			);
			productName = UiKitTutoTests;
			productReference = 1374EF0B2F5F1277000E6420 /* UiKitTutoTests.xctest */;
			productType = "com.apple.product-type.bundle.unit-test";
		};
		1374EF142F5F1277000E6420 /* UiKitTutoUITests */ = {
			isa = PBXNativeTarget;
			buildConfigurationList = 1374EF262F5F1277000E6420 /* Build configuration list for PBXNativeTarget "UiKitTutoUITests" */;
			buildPhases = (
				1374EF112F5F1277000E6420 /* Sources */,
				1374EF122F5F1277000E6420 /* Frameworks */,
				1374EF132F5F1277000E6420 /* Resources */,
			);
			buildRules = (
			);
			dependencies = (
				1374EF172F5F1277000E6420 /* PBXTargetDependency */,
			);
			fileSystemSynchronizedGroups = (
				1374EF182F5F1277000E6420 /* UiKitTutoUITests */,
			);
			name = UiKitTutoUITests;
			packageProductDependencies = (
			);
			productName = UiKitTutoUITests;
			productReference = 1374EF152F5F1277000E6420 /* UiKitTutoUITests.xctest */;
			productType = "com.apple.product-type.bundle.ui-testing";
		};
/* End PBXNativeTarget section */

/* Begin PBXProject section */
		1374EEED2F5F1275000E6420 /* Project object */ = {
			isa = PBXProject;
			attributes = {
				BuildIndependentTargetsInParallel = 1;
				LastSwiftUpdateCheck = 2620;
				LastUpgradeCheck = 2620;
				TargetAttributes = {
					1374EEF42F5F1275000E6420 = {
						CreatedOnToolsVersion = 26.2;
					};
					1374EF0A2F5F1277000E6420 = {
						CreatedOnToolsVersion = 26.2;
						TestTargetID = 1374EEF42F5F1275000E6420;
					};
					1374EF142F5F1277000E6420 = {
						CreatedOnToolsVersion = 26.2;
						TestTargetID = 1374EEF42F5F1275000E6420;
					};
				};
			};
			buildConfigurationList = 1374EEF02F5F1275000E6420 /* Build configuration list for PBXProject "UiKitTuto" */;
			developmentRegion = en;
			hasScannedForEncodings = 0;
			knownRegions = (
				en,
				Base,
			);
			mainGroup = 1374EEEC2F5F1275000E6420;
			minimizedProjectReferenceProxies = 1;
			preferredProjectObjectVersion = 77;
			productRefGroup = 1374EEF62F5F1275000E6420 /* Products */;
			projectDirPath = "";
			projectRoot = "";
			targets = (
				1374EEF42F5F1275000E6420 /* UiKitTuto */,
				1374EF0A2F5F1277000E6420 /* UiKitTutoTests */,
				1374EF142F5F1277000E6420 /* UiKitTutoUITests */,
			);
		};
/* End PBXProject section */

/* Begin PBXResourcesBuildPhase section */
		1374EEF32F5F1275000E6420 /* Resources */ = {
			isa = PBXResourcesBuildPhase;
			buildActionMask = 2147483647;
			files = (
			);
			runOnlyForDeploymentPostprocessing = 0;
		};
		1374EF092F5F1277000E6420 /* Resources */ = {
			isa = PBXResourcesBuildPhase;
			buildActionMask = 2147483647;
			files = (
			);
			runOnlyForDeploymentPostprocessing = 0;
		};
		1374EF132F5F1277000E6420 /* Resources */ = {
			isa = PBXResourcesBuildPhase;
			buildActionMask = 2147483647;
			files = (
			);
			runOnlyForDeploymentPostprocessing = 0;
		};
/* End PBXResourcesBuildPhase section */

/* Begin PBXSourcesBuildPhase section */
		1374EEF12F5F1275000E6420 /* Sources */ = {
			isa = PBXSourcesBuildPhase;
			buildActionMask = 2147483647;
			files = (
			);
			runOnlyForDeploymentPostprocessing = 0;
		};
		1374EF072F5F1277000E6420 /* Sources */ = {
			isa = PBXSourcesBuildPhase;
			buildActionMask = 2147483647;
			files = (
			);
			runOnlyForDeploymentPostprocessing = 0;
		};
		1374EF112F5F1277000E6420 /* Sources */ = {
			isa = PBXSourcesBuildPhase;
			buildActionMask = 2147483647;
			files = (
			);
			runOnlyForDeploymentPostprocessing = 0;
		};
/* End PBXSourcesBuildPhase section */

/* Begin PBXTargetDependency section */
		1374EF0D2F5F1277000E6420 /* PBXTargetDependency */ = {
			isa = PBXTargetDependency;
			target = 1374EEF42F5F1275000E6420 /* UiKitTuto */;
			targetProxy = 1374EF0C2F5F1277000E6420 /* PBXContainerItemProxy */;
		};
		1374EF172F5F1277000E6420 /* PBXTargetDependency */ = {
			isa = PBXTargetDependency;
			target = 1374EEF42F5F1275000E6420 /* UiKitTuto */;
			targetProxy = 1374EF162F5F1277000E6420 /* PBXContainerItemProxy */;
		};
/* End PBXTargetDependency section */

/* Begin XCBuildConfiguration section */
		1374EF1F2F5F1277000E6420 /* Debug */ = {
			isa = XCBuildConfiguration;
			buildSettings = {
				ASSETCATALOG_COMPILER_APPICON_NAME = AppIcon;
				ASSETCATALOG_COMPILER_GLOBAL_ACCENT_COLOR_NAME = AccentColor;
				CODE_SIGN_STYLE = Automatic;
				CURRENT_PROJECT_VERSION = 1;
				DEVELOPMENT_TEAM = 2J966F5LZ4;
				GENERATE_INFOPLIST_FILE = YES;
				INFOPLIST_FILE = UiKitTuto/Resources/Info.plist;
				INFOPLIST_KEY_UIApplicationSupportsIndirectInputEvents = YES;
				INFOPLIST_KEY_UILaunchStoryboardName = LaunchScreen;
				INFOPLIST_KEY_UIMainStoryboardFile = Main;
				INFOPLIST_KEY_UISupportedInterfaceOrientations_iPad = "UIInterfaceOrientationPortrait UIInterfaceOrientationPortraitUpsideDown UIInterfaceOrientationLandscapeLeft UIInterfaceOrientationLandscapeRight";
				INFOPLIST_KEY_UISupportedInterfaceOrientations_iPhone = "UIInterfaceOrientationPortrait UIInterfaceOrientationLandscapeLeft UIInterfaceOrientationLandscapeRight";
				LD_RUNPATH_SEARCH_PATHS = (
					"$(inherited)",
					"@executable_path/Frameworks",
				);
				MARKETING_VERSION = 1.0;
				PRODUCT_BUNDLE_IDENTIFIER = com.davegzarca.testapp.testingsIos.UiKitTuto;
				PRODUCT_NAME = "$(TARGET_NAME)";
				STRING_CATALOG_GENERATE_SYMBOLS = YES;
				SWIFT_APPROACHABLE_CONCURRENCY = YES;
				SWIFT_DEFAULT_ACTOR_ISOLATION = MainActor;
				SWIFT_EMIT_LOC_STRINGS = YES;
				SWIFT_UPCOMING_FEATURE_MEMBER_IMPORT_VISIBILITY = YES;
				SWIFT_VERSION = 5.0;
				TARGETED_DEVICE_FAMILY = "1,2";
			};
			name = Debug;
		};
		1374EF202F5F1277000E6420 /* Release */ = {
			isa = XCBuildConfiguration;
			buildSettings = {
				ASSETCATALOG_COMPILER_APPICON_NAME = AppIcon;
				ASSETCATALOG_COMPILER_GLOBAL_ACCENT_COLOR_NAME = AccentColor;
				CODE_SIGN_STYLE = Automatic;
				CURRENT_PROJECT_VERSION = 1;
				DEVELOPMENT_TEAM = 2J966F5LZ4;
				GENERATE_INFOPLIST_FILE = YES;
				INFOPLIST_FILE = UiKitTuto/Resources/Info.plist;
				INFOPLIST_KEY_UIApplicationSupportsIndirectInputEvents = YES;
				INFOPLIST_KEY_UILaunchStoryboardName = LaunchScreen;
				INFOPLIST_KEY_UIMainStoryboardFile = Main;
				INFOPLIST_KEY_UISupportedInterfaceOrientations_iPad = "UIInterfaceOrientationPortrait UIInterfaceOrientationPortraitUpsideDown UIInterfaceOrientationLandscapeLeft UIInterfaceOrientationLandscapeRight";
				INFOPLIST_KEY_UISupportedInterfaceOrientations_iPhone = "UIInterfaceOrientationPortrait UIInterfaceOrientationLandscapeLeft UIInterfaceOrientationLandscapeRight";
				LD_RUNPATH_SEARCH_PATHS = (
					"$(inherited)",
					"@executable_path/Frameworks",
				);
				MARKETING_VERSION = 1.0;
				PRODUCT_BUNDLE_IDENTIFIER = com.davegzarca.testapp.testingsIos.UiKitTuto;
				PRODUCT_NAME = "$(TARGET_NAME)";
				STRING_CATALOG_GENERATE_SYMBOLS = YES;
				SWIFT_APPROACHABLE_CONCURRENCY = YES;
				SWIFT_DEFAULT_ACTOR_ISOLATION = MainActor;
				SWIFT_EMIT_LOC_STRINGS = YES;
				SWIFT_UPCOMING_FEATURE_MEMBER_IMPORT_VISIBILITY = YES;
				SWIFT_VERSION = 5.0;
				TARGETED_DEVICE_FAMILY = "1,2";
			};
			name = Release;
		};
		1374EF212F5F1277000E6420 /* Debug */ = {
			isa = XCBuildConfiguration;
			buildSettings = {
				ALWAYS_SEARCH_USER_PATHS = NO;
				ASSETCATALOG_COMPILER_GENERATE_SWIFT_ASSET_SYMBOL_EXTENSIONS = YES;
				CLANG_ANALYZER_NONNULL = YES;
				CLANG_ANALYZER_NUMBER_OBJECT_CONVERSION = YES_AGGRESSIVE;
				CLANG_CXX_LANGUAGE_STANDARD = "gnu++20";
				CLANG_ENABLE_MODULES = YES;
				CLANG_ENABLE_OBJC_ARC = YES;
				CLANG_ENABLE_OBJC_WEAK = YES;
				CLANG_WARN_BLOCK_CAPTURE_AUTORELEASING = YES;
				CLANG_WARN_BOOL_CONVERSION = YES;
				CLANG_WARN_COMMA = YES;
				CLANG_WARN_CONSTANT_CONVERSION = YES;
				CLANG_WARN_DEPRECATED_OBJC_IMPLEMENTATIONS = YES;
				CLANG_WARN_DIRECT_OBJC_ISA_USAGE = YES_ERROR;
				CLANG_WARN_DOCUMENTATION_COMMENTS = YES;
				CLANG_WARN_EMPTY_BODY = YES;
				CLANG_WARN_ENUM_CONVERSION = YES;
				CLANG_WARN_INFINITE_RECURSION = YES;
				CLANG_WARN_INT_CONVERSION = YES;
				CLANG_WARN_NON_LITERAL_NULL_CONVERSION = YES;
				CLANG_WARN_OBJC_IMPLICIT_RETAIN_SELF = YES;
				CLANG_WARN_OBJC_LITERAL_CONVERSION = YES;
				CLANG_WARN_OBJC_ROOT_CLASS = YES_ERROR;
				CLANG_WARN_QUOTED_INCLUDE_IN_FRAMEWORK_HEADER = YES;
				CLANG_WARN_RANGE_LOOP_ANALYSIS = YES;
				CLANG_WARN_STRICT_PROTOTYPES = YES;
				CLANG_WARN_SUSPICIOUS_MOVE = YES;
				CLANG_WARN_UNGUARDED_AVAILABILITY = YES_AGGRESSIVE;
				CLANG_WARN_UNREACHABLE_CODE = YES;
				CLANG_WARN__DUPLICATE_METHOD_MATCH = YES;
				COPY_PHASE_STRIP = NO;
				DEBUG_INFORMATION_FORMAT = dwarf;
				DEVELOPMENT_TEAM = 2J966F5LZ4;
				ENABLE_STRICT_OBJC_MSGSEND = YES;
				ENABLE_TESTABILITY = YES;
				ENABLE_USER_SCRIPT_SANDBOXING = YES;
				GCC_C_LANGUAGE_STANDARD = gnu17;
				GCC_DYNAMIC_NO_PIC = NO;
				GCC_NO_COMMON_BLOCKS = YES;
				GCC_OPTIMIZATION_LEVEL = 0;
				GCC_PREPROCESSOR_DEFINITIONS = (
					"DEBUG=1",
					"$(inherited)",
				);
				GCC_WARN_64_TO_32_BIT_CONVERSION = YES;
				GCC_WARN_ABOUT_RETURN_TYPE = YES_ERROR;
				GCC_WARN_UNDECLARED_SELECTOR = YES;
				GCC_WARN_UNINITIALIZED_AUTOS = YES_AGGRESSIVE;
				GCC_WARN_UNUSED_FUNCTION = YES;
				GCC_WARN_UNUSED_VARIABLE = YES;
				IPHONEOS_DEPLOYMENT_TARGET = 26.2;
				LOCALIZATION_PREFERS_STRING_CATALOGS = YES;
				MTL_ENABLE_DEBUG_INFO = INCLUDE_SOURCE;
				MTL_FAST_MATH = YES;
				ONLY_ACTIVE_ARCH = YES;
				SDKROOT = iphoneos;
				SWIFT_ACTIVE_COMPILATION_CONDITIONS = "DEBUG $(inherited)";
				SWIFT_OPTIMIZATION_LEVEL = "-Onone";
			};
			name = Debug;
		};
		1374EF222F5F1277000E6420 /* Release */ = {
			isa = XCBuildConfiguration;
			buildSettings = {
				ALWAYS_SEARCH_USER_PATHS = NO;
				ASSETCATALOG_COMPILER_GENERATE_SWIFT_ASSET_SYMBOL_EXTENSIONS = YES;
				CLANG_ANALYZER_NONNULL = YES;
				CLANG_ANALYZER_NUMBER_OBJECT_CONVERSION = YES_AGGRESSIVE;
				CLANG_CXX_LANGUAGE_STANDARD = "gnu++20";
				CLANG_ENABLE_MODULES = YES;
				CLANG_ENABLE_OBJC_ARC = YES;
				CLANG_ENABLE_OBJC_WEAK = YES;
				CLANG_WARN_BLOCK_CAPTURE_AUTORELEASING = YES;
				CLANG_WARN_BOOL_CONVERSION = YES;
				CLANG_WARN_COMMA = YES;
				CLANG_WARN_CONSTANT_CONVERSION = YES;
				CLANG_WARN_DEPRECATED_OBJC_IMPLEMENTATIONS = YES;
				CLANG_WARN_DIRECT_OBJC_ISA_USAGE = YES_ERROR;
				CLANG_WARN_DOCUMENTATION_COMMENTS = YES;
				CLANG_WARN_EMPTY_BODY = YES;
				CLANG_WARN_ENUM_CONVERSION = YES;
				CLANG_WARN_INFINITE_RECURSION = YES;
				CLANG_WARN_INT_CONVERSION = YES;
				CLANG_WARN_NON_LITERAL_NULL_CONVERSION = YES;
				CLANG_WARN_OBJC_IMPLICIT_RETAIN_SELF = YES;
				CLANG_WARN_OBJC_LITERAL_CONVERSION = YES;
				CLANG_WARN_OBJC_ROOT_CLASS = YES_ERROR;
				CLANG_WARN_QUOTED_INCLUDE_IN_FRAMEWORK_HEADER = YES;
				CLANG_WARN_RANGE_LOOP_ANALYSIS = YES;
				CLANG_WARN_STRICT_PROTOTYPES = YES;
				CLANG_WARN_SUSPICIOUS_MOVE = YES;
				CLANG_WARN_UNGUARDED_AVAILABILITY = YES_AGGRESSIVE;
				CLANG_WARN_UNREACHABLE_CODE = YES;
				CLANG_WARN__DUPLICATE_METHOD_MATCH = YES;
				COPY_PHASE_STRIP = NO;
				DEBUG_INFORMATION_FORMAT = "dwarf-with-dsym";
				DEVELOPMENT_TEAM = 2J966F5LZ4;
				ENABLE_NS_ASSERTIONS = NO;
				ENABLE_STRICT_OBJC_MSGSEND = YES;
				ENABLE_USER_SCRIPT_SANDBOXING = YES;
				GCC_C_LANGUAGE_STANDARD = gnu17;
				GCC_NO_COMMON_BLOCKS = YES;
				GCC_WARN_64_TO_32_BIT_CONVERSION = YES;
				GCC_WARN_ABOUT_RETURN_TYPE = YES_ERROR;
				GCC_WARN_UNDECLARED_SELECTOR = YES;
				GCC_WARN_UNINITIALIZED_AUTOS = YES_AGGRESSIVE;
				GCC_WARN_UNUSED_FUNCTION = YES;
				GCC_WARN_UNUSED_VARIABLE = YES;
				IPHONEOS_DEPLOYMENT_TARGET = 26.2;
				LOCALIZATION_PREFERS_STRING_CATALOGS = YES;
				MTL_ENABLE_DEBUG_INFO = NO;
				MTL_FAST_MATH = YES;
				SDKROOT = iphoneos;
				SWIFT_COMPILATION_MODE = wholemodule;
				VALIDATE_PRODUCT = YES;
			};
			name = Release;
		};
		1374EF242F5F1277000E6420 /* Debug */ = {
			isa = XCBuildConfiguration;
			buildSettings = {
				BUNDLE_LOADER = "$(TEST_HOST)";
				CODE_SIGN_STYLE = Automatic;
				CURRENT_PROJECT_VERSION = 1;
				DEVELOPMENT_TEAM = 2J966F5LZ4;
				GENERATE_INFOPLIST_FILE = YES;
				IPHONEOS_DEPLOYMENT_TARGET = 26.2;
				MARKETING_VERSION = 1.0;
				PRODUCT_BUNDLE_IDENTIFIER = com.davegzarca.testapp.testingsIos.UiKitTutoTests;
				PRODUCT_NAME = "$(TARGET_NAME)";
				STRING_CATALOG_GENERATE_SYMBOLS = NO;
				SWIFT_APPROACHABLE_CONCURRENCY = YES;
				SWIFT_EMIT_LOC_STRINGS = NO;
				SWIFT_UPCOMING_FEATURE_MEMBER_IMPORT_VISIBILITY = YES;
				SWIFT_VERSION = 5.0;
				TARGETED_DEVICE_FAMILY = "1,2";
				TEST_HOST = "$(BUILT_PRODUCTS_DIR)/UiKitTuto.app/$(BUNDLE_EXECUTABLE_FOLDER_PATH)/UiKitTuto";
			};
			name = Debug;
		};
		1374EF252F5F1277000E6420 /* Release */ = {
			isa = XCBuildConfiguration;
			buildSettings = {
				BUNDLE_LOADER = "$(TEST_HOST)";
				CODE_SIGN_STYLE = Automatic;
				CURRENT_PROJECT_VERSION = 1;
				DEVELOPMENT_TEAM = 2J966F5LZ4;
				GENERATE_INFOPLIST_FILE = YES;
				IPHONEOS_DEPLOYMENT_TARGET = 26.2;
				MARKETING_VERSION = 1.0;
				PRODUCT_BUNDLE_IDENTIFIER = com.davegzarca.testapp.testingsIos.UiKitTutoTests;
				PRODUCT_NAME = "$(TARGET_NAME)";
				STRING_CATALOG_GENERATE_SYMBOLS = NO;
				SWIFT_APPROACHABLE_CONCURRENCY = YES;
				SWIFT_EMIT_LOC_STRINGS = NO;
				SWIFT_UPCOMING_FEATURE_MEMBER_IMPORT_VISIBILITY = YES;
				SWIFT_VERSION = 5.0;
				TARGETED_DEVICE_FAMILY = "1,2";
				TEST_HOST = "$(BUILT_PRODUCTS_DIR)/UiKitTuto.app/$(BUNDLE_EXECUTABLE_FOLDER_PATH)/UiKitTuto";
			};
			name = Release;
		};
		1374EF272F5F1277000E6420 /* Debug */ = {
			isa = XCBuildConfiguration;
			buildSettings = {
				CODE_SIGN_STYLE = Automatic;
				CURRENT_PROJECT_VERSION = 1;
				DEVELOPMENT_TEAM = 2J966F5LZ4;
				GENERATE_INFOPLIST_FILE = YES;
				MARKETING_VERSION = 1.0;
				PRODUCT_BUNDLE_IDENTIFIER = com.davegzarca.testapp.testingsIos.UiKitTutoUITests;
				PRODUCT_NAME = "$(TARGET_NAME)";
				STRING_CATALOG_GENERATE_SYMBOLS = NO;
				SWIFT_APPROACHABLE_CONCURRENCY = YES;
				SWIFT_EMIT_LOC_STRINGS = NO;
				SWIFT_UPCOMING_FEATURE_MEMBER_IMPORT_VISIBILITY = YES;
				SWIFT_VERSION = 5.0;
				TARGETED_DEVICE_FAMILY = "1,2";
				TEST_TARGET_NAME = UiKitTuto;
			};
			name = Debug;
		};
		1374EF282F5F1277000E6420 /* Release */ = {
			isa = XCBuildConfiguration;
			buildSettings = {
				CODE_SIGN_STYLE = Automatic;
				CURRENT_PROJECT_VERSION = 1;
				DEVELOPMENT_TEAM = 2J966F5LZ4;
				GENERATE_INFOPLIST_FILE = YES;
				MARKETING_VERSION = 1.0;
				PRODUCT_BUNDLE_IDENTIFIER = com.davegzarca.testapp.testingsIos.UiKitTutoUITests;
				PRODUCT_NAME = "$(TARGET_NAME)";
				STRING_CATALOG_GENERATE_SYMBOLS = NO;
				SWIFT_APPROACHABLE_CONCURRENCY = YES;
				SWIFT_EMIT_LOC_STRINGS = NO;
				SWIFT_UPCOMING_FEATURE_MEMBER_IMPORT_VISIBILITY = YES;
				SWIFT_VERSION = 5.0;
				TARGETED_DEVICE_FAMILY = "1,2";
				TEST_TARGET_NAME = UiKitTuto;
			};
			name = Release;
		};
/* End XCBuildConfiguration section */

/* Begin XCConfigurationList section */
		1374EEF02F5F1275000E6420 /* Build configuration list for PBXProject "UiKitTuto" */ = {
			isa = XCConfigurationList;
			buildConfigurations = (
				1374EF212F5F1277000E6420 /* Debug */,
				1374EF222F5F1277000E6420 /* Release */,
			);
			defaultConfigurationIsVisible = 0;
			defaultConfigurationName = Release;
		};
		1374EF1E2F5F1277000E6420 /* Build configuration list for PBXNativeTarget "UiKitTuto" */ = {
			isa = XCConfigurationList;
			buildConfigurations = (
				1374EF1F2F5F1277000E6420 /* Debug */,
				1374EF202F5F1277000E6420 /* Release */,
			);
			defaultConfigurationIsVisible = 0;
			defaultConfigurationName = Release;
		};
		1374EF232F5F1277000E6420 /* Build configuration list for PBXNativeTarget "UiKitTutoTests" */ = {
			isa = XCConfigurationList;
			buildConfigurations = (
				1374EF242F5F1277000E6420 /* Debug */,
				1374EF252F5F1277000E6420 /* Release */,
			);
			defaultConfigurationIsVisible = 0;
			defaultConfigurationName = Release;
		};
		1374EF262F5F1277000E6420 /* Build configuration list for PBXNativeTarget "UiKitTutoUITests" */ = {
			isa = XCConfigurationList;
			buildConfigurations = (
				1374EF272F5F1277000E6420 /* Debug */,
				1374EF282F5F1277000E6420 /* Release */,
			);
			defaultConfigurationIsVisible = 0;
			defaultConfigurationName = Release;
		};
/* End XCConfigurationList section */
	};
	rootObject = 1374EEED2F5F1275000E6420 /* Project object */;
}
